
Microsoft Visual Studio Solution File, Format Version 12.00
# Visual Studio Version 17
VisualStudioVersion = 17.5.002.0
MinimumVisualStudioVersion = 10.0.40219.1
Project("{9A19103F-16F7-4668-BE54-9A1E7A4F7556}") = "LibraryManagement", "LibraryManagement.csproj", "{8280AF70-4365-49A0-BC51-381E363F2DD7}"
EndProject
Global
	GlobalSection(SolutionConfigurationPlatforms) = preSolution
		Debug|Any CPU = Debug|Any CPU
		Release|Any CPU = Release|Any CPU
	EndGlobalSection
	GlobalSection(ProjectConfigurationPlatforms) = postSolution
		{8280AF70-4365-49A0-BC51-381E363F2DD7}.Debug|Any CPU.ActiveCfg = Debug|Any CPU
		{8280AF70-4365-49A0-BC51-381E363F2DD7}.Debug|Any CPU.Build.0 = Debug|Any CPU
		{8280AF70-4365-49A0-BC51-381E363F2DD7}.Release|Any CPU.ActiveCfg = Release|Any CPU
		{8280AF70-4365-49A0-BC51-381E363F2DD7}.Release|Any CPU.Build.0 = Release|Any CPU
	EndGlobalSection
	GlobalSection(SolutionProperties) = preSolution
		HideSolutionNode = FALSE
	EndGlobalSection
	GlobalSection(ExtensibilityGlobals) = postSolution
		SolutionGuid = {62F1BD08-B23A-43E0-BB0E-17464E3FD01A}
	EndGlobalSection
EndGlobal
